github.com/danielgatis/go-ptrloop v1.0.0 h1:KN5JdmnUQk4fut4JdT4U5y/oPpf8dkPhWlJ/yHGdKlA=
github.com/danielgatis/go-ptrloop v1.0.0/go.mod h1:N31QEYrIGZyIRef9W1ci2wGMY2myDb89oC3wEkTBz6I=
github.com/pkg/errors v0.9.1 h1:FEBLx1zS214owpjy7qsBeixbURkuhQAwrK5UwLGTwt4=
github.com/pkg/errors v0.9.1/go.mod h1:bwawxfHBFNV+L2hUp1rHADufV3IMtnDRdf1r5NINEl0=
